
Microsoft Visual Studio Solution File, Format Version 12.00
# Visual Studio Version 16
VisualStudioVersion = 16.0.30309.148
MinimumVisualStudioVersion = 10.0.40219.1
Project("{9A19103F-16F7-4668-BE54-9A1E7A4F7556}") = "SkillDesigner", "SkillDesigner\SkillDesigner.csproj", "{49F8F927-D744-4C44-B103-4CE8312CD7C3}"
EndProject
Project("{9A19103F-16F7-4668-BE54-9A1E7A4F7556}") = "CustomSkills", "CustomSkills\CustomSkills.csproj", "{5C170AA1-EFCA-477E-9F17-B800E9152708}"
EndProject
Global
	GlobalSection(SolutionConfigurationPlatforms) = preSolution
		Debug|Any CPU = Debug|Any CPU
		Release|Any CPU = Release|Any CPU
	EndGlobalSection
	GlobalSection(ProjectConfigurationPlatforms) = postSolution
		{49F8F927-D744-4C44-B103-4CE8312CD7C3}.Debug|Any CPU.ActiveCfg = Debug|Any CPU
		{49F8F927-D744-4C44-B103-4CE8312CD7C3}.Debug|Any CPU.Build.0 = Debug|Any CPU
		{49F8F927-D744-4C44-B103-4CE8312CD7C3}.Release|Any CPU.ActiveCfg = Release|Any CPU
		{49F8F927-D744-4C44-B103-4CE8312CD7C3}.Release|Any CPU.Build.0 = Release|Any CPU
		{5C170AA1-EFCA-477E-9F17-B800E9152708}.Debug|Any CPU.ActiveCfg = Debug|Any CPU
		{5C170AA1-EFCA-477E-9F17-B800E9152708}.Debug|Any CPU.Build.0 = Debug|Any CPU
		{5C170AA1-EFCA-477E-9F17-B800E9152708}.Release|Any CPU.ActiveCfg = Release|Any CPU
		{5C170AA1-EFCA-477E-9F17-B800E9152708}.Release|Any CPU.Build.0 = Release|Any CPU
	EndGlobalSection
	GlobalSection(SolutionProperties) = preSolution
		HideSolutionNode = FALSE
	EndGlobalSection
	GlobalSection(ExtensibilityGlobals) = postSolution
		SolutionGuid = {966EE829-6519-481A-A624-20FF4C78E169}
	EndGlobalSection
EndGlobal
